<?xml version="1.0" encoding="utf-8"?>
<Project ToolsVersion="4.0" xmlns="http://schemas.microsoft.com/developer/msbuild/2003">
  <ItemGroup>
    <Filter Include="Source Files">
      <UniqueIdentifier>{4FC737F1-C7A5-4376-A066-2A32D752A2FF}</UniqueIdentifier>
      <Extensions>cpp;c;cc;cxx;def;odl;idl;hpj;bat;asm;asmx</Extensions>
    </Filter>
    <Filter Include="Header Files">
      <UniqueIdentifier>{93995380-89BD-4b04-88EB-625FBE52EBFB}</UniqueIdentifier>
      <Extensions>h;hh;hpp;hxx;hm;inl;inc;xsd</Extensions>
    </Filter>
    <Filter Include="Resource Files">
      <UniqueIdentifier>{67DA6AB6-F800-4c08-8B7A-83BB121AAD01}</UniqueIdentifier>
      <Extensions>rc;ico;cur;bmp;dlg;rc2;rct;bin;rgs;gif;jpg;jpeg;jpe;resx;tiff;tif;png;wav;mfcribbon-ms</Extensions>
    </Filter>
  </ItemGroup>
  <ItemGroup>
    <ResourceCompile Include="Fizyka3D.rc">
      <Filter>Resource Files</Filter>
    </ResourceCompile>
  </ItemGroup>
  <ItemGroup>
    <ClInclude Include="inc\anim_dodatki.h">
      <Filter>Header Files</Filter>
    </ClInclude>
    <ClInclude Include="inc\animacja.h">
      <Filter>Header Files</Filter>
    </ClInclude>
    <ClInclude Include="inc\bledy.h">
      <Filter>Header Files</Filter>
    </ClInclude>
    <ClInclude Include="inc\dane.h">
      <Filter>Header Files</Filter>
    </ClInclude>
    <ClInclude Include="inc\dodatki.h">
      <Filter>Header Files</Filter>
    </ClInclude>
    <ClInclude Include="inc\fizyka.h">
      <Filter>Header Files</Filter>
    </ClInclude>
    <ClInclude Include="inc\fizyka1.h">
      <Filter>Header Files</Filter>
    </ClInclude>
    <ClInclude Include="inc\main.h">
      <Filter>Header Files</Filter>
    </ClInclude>
    <ClInclude Include="inc\mainwnd.h">
      <Filter>Header Files</Filter>
    </ClInclude>
    <ClInclude Include="inc\pliki.h">
      <Filter>Header Files</Filter>
    </ClInclude>
    <ClInclude Include="inc\wndproc.h">
      <Filter>Header Files</Filter>
    </ClInclude>
    <ClInclude Include="resource.h">
      <Filter>Header Files</Filter>
    </ClInclude>
  </ItemGroup>
  <ItemGroup>
    <Image Include="img\czajniczek.ico">
      <Filter>Resource Files</Filter>
    </Image>
    <Image Include="img\Minus.bmp">
      <Filter>Resource Files</Filter>
    </Image>
    <Image Include="img\Nowy.bmp">
      <Filter>Resource Files</Filter>
    </Image>
    <Image Include="img\Otworz.bmp">
      <Filter>Resource Files</Filter>
    </Image>
    <Image Include="img\Plus.bmp">
      <Filter>Resource Files</Filter>
    </Image>
    <Image Include="img\Zapisz.bmp">
      <Filter>Resource Files</Filter>
    </Image>
  </ItemGroup>
  <ItemGroup>
    <ClCompile Include="src\anim_dodatki.cpp">
      <Filter>Source Files</Filter>
    </ClCompile>
    <ClCompile Include="src\animacja.cpp">
      <Filter>Source Files</Filter>
    </ClCompile>
    <ClCompile Include="src\bledy.cpp">
      <Filter>Source Files</Filter>
    </ClCompile>
    <ClCompile Include="src\dane.cpp">
      <Filter>Source Files</Filter>
    </ClCompile>
    <ClCompile Include="src\dodatki.cpp">
      <Filter>Source Files</Filter>
    </ClCompile>
    <ClCompile Include="src\fizyka.cpp">
      <Filter>Source Files</Filter>
    </ClCompile>
    <ClCompile Include="src\fizyka1.cpp">
      <Filter>Source Files</Filter>
    </ClCompile>
    <ClCompile Include="src\main.cpp">
      <Filter>Source Files</Filter>
    </ClCompile>
    <ClCompile Include="src\mainwnd.cpp">
      <Filter>Source Files</Filter>
    </ClCompile>
    <ClCompile Include="src\mainwnd_funkcje.cpp">
      <Filter>Source Files</Filter>
    </ClCompile>
    <ClCompile Include="src\mainwnd_initcomp.cpp">
      <Filter>Source Files</Filter>
    </ClCompile>
    <ClCompile Include="src\mainwnd_utwkontr.cpp">
      <Filter>Source Files</Filter>
    </ClCompile>
    <ClCompile Include="src\pliki.cpp">
      <Filter>Source Files</Filter>
    </ClCompile>
    <ClCompile Include="src\wndproc.cpp">
      <Filter>Source Files</Filter>
    </ClCompile>
  </ItemGroup>
</Project>